<Solution>
  <Configurations>
    <Platform Name="x64" />
    <Platform Name="x86" />
  </Configurations>
  <Project Path="Event/SetEvent/SetEvent.vcxproj" Id="54c99425-ac41-45d7-9f87-633aa8418859" />
  <Project Path="HelloWorld/HelloWorld.vcxproj" Id="3b5e4380-c6ab-42fa-91cb-905ec8ddd4a8" />
  <Project Path="Memory/VirtualAlloc/VirtualAlloc.vcxproj" Id="63057cec-7cdf-4162-a8df-120473cefed7" />
  <Project Path="Process/CreateProcess/CreateProcess.vcxproj" Id="f72e85d4-98c5-4bec-9221-5ac3950124d0" />
  <Project Path="Thread/CriticalSection/CriticalSection.vcxproj" Id="b885d23e-d7cd-4b1f-88d5-b8af819c73e9" />
  <Project Path="Thread/ThreadSpawn/ThreadSpawn.vcxproj" Id="3f414605-8074-4ba0-af54-7704606f7001" />
</Solution>
